
Microsoft Visual Studio Solution File, Format Version 12.00
# Visual Studio Version 17
VisualStudioVersion = 17.4.33213.308
MinimumVisualStudioVersion = 10.0.40219.1
Project("{FAE04EC0-301F-11D3-BF4B-00C04F79EFBC}") = "411018890", "411018890\411018890.csproj", "{D7CABEBE-2965-405E-A93D-5213D497D7C7}"
EndProject
Global
	GlobalSection(SolutionConfigurationPlatforms) = preSolution
		Debug|Any CPU = Debug|Any CPU
		Release|Any CPU = Release|Any CPU
	EndGlobalSection
	GlobalSection(ProjectConfigurationPlatforms) = postSolution
		{D7CABEBE-2965-405E-A93D-5213D497D7C7}.Debug|Any CPU.ActiveCfg = Debug|Any CPU
		{D7CABEBE-2965-405E-A93D-5213D497D7C7}.Debug|Any CPU.Build.0 = Debug|Any CPU
		{D7CABEBE-2965-405E-A93D-5213D497D7C7}.Release|Any CPU.ActiveCfg = Release|Any CPU
		{D7CABEBE-2965-405E-A93D-5213D497D7C7}.Release|Any CPU.Build.0 = Release|Any CPU
	EndGlobalSection
	GlobalSection(SolutionProperties) = preSolution
		HideSolutionNode = FALSE
	EndGlobalSection
	GlobalSection(ExtensibilityGlobals) = postSolution
		SolutionGuid = {751C160F-1CD7-479F-AA07-63C07BFBE28F}
	EndGlobalSection
EndGlobal
